
Microsoft Visual Studio Solution File, Format Version 12.00
# Visual Studio Version 17
VisualStudioVersion = 17.4.33213.308
MinimumVisualStudioVersion = 10.0.40219.1
Project("{FAE04EC0-301F-11D3-BF4B-00C04F79EFBC}") = "Async_Project", "Async_Project.csproj", "{BB6CAA62-ABAC-4AD2-BA55-6570F07B7318}"
EndProject
Project("{FAE04EC0-301F-11D3-BF4B-00C04F79EFBC}") = "RestAPI_Comic", "..\RestAPI_Comic\RestAPI_Comic.csproj", "{A9032BF1-D34A-4A14-B412-41B86A3A7C80}"
EndProject
Project("{FAE04EC0-301F-11D3-BF4B-00C04F79EFBC}") = "RestApi_Library", "..\RestApi_Library\RestApi_Library.csproj", "{BBAF5F0B-11A5-4FEE-9B87-B5F6593571EF}"
EndProject
Project("{FAE04EC0-301F-11D3-BF4B-00C04F79EFBC}") = "DadJokes_App", "..\DadJokes_App\DadJokes_App.csproj", "{BFFD6678-DB0D-44F8-9483-C6F2554C89BF}"
EndProject
Global
	GlobalSection(SolutionConfigurationPlatforms) = preSolution
		Debug|Any CPU = Debug|Any CPU
		Release|Any CPU = Release|Any CPU
	EndGlobalSection
	GlobalSection(ProjectConfigurationPlatforms) = postSolution
		{BB6CAA62-ABAC-4AD2-BA55-6570F07B7318}.Debug|Any CPU.ActiveCfg = Debug|Any CPU
		{BB6CAA62-ABAC-4AD2-BA55-6570F07B7318}.Debug|Any CPU.Build.0 = Debug|Any CPU
		{BB6CAA62-ABAC-4AD2-BA55-6570F07B7318}.Release|Any CPU.ActiveCfg = Release|Any CPU
		{BB6CAA62-ABAC-4AD2-BA55-6570F07B7318}.Release|Any CPU.Build.0 = Release|Any CPU
		{A9032BF1-D34A-4A14-B412-41B86A3A7C80}.Debug|Any CPU.ActiveCfg = Debug|Any CPU
		{A9032BF1-D34A-4A14-B412-41B86A3A7C80}.Debug|Any CPU.Build.0 = Debug|Any CPU
		{A9032BF1-D34A-4A14-B412-41B86A3A7C80}.Release|Any CPU.ActiveCfg = Release|Any CPU
		{A9032BF1-D34A-4A14-B412-41B86A3A7C80}.Release|Any CPU.Build.0 = Release|Any CPU
		{BBAF5F0B-11A5-4FEE-9B87-B5F6593571EF}.Debug|Any CPU.ActiveCfg = Debug|Any CPU
		{BBAF5F0B-11A5-4FEE-9B87-B5F6593571EF}.Debug|Any CPU.Build.0 = Debug|Any CPU
		{BBAF5F0B-11A5-4FEE-9B87-B5F6593571EF}.Release|Any CPU.ActiveCfg = Release|Any CPU
		{BBAF5F0B-11A5-4FEE-9B87-B5F6593571EF}.Release|Any CPU.Build.0 = Release|Any CPU
		{BFFD6678-DB0D-44F8-9483-C6F2554C89BF}.Debug|Any CPU.ActiveCfg = Debug|Any CPU
		{BFFD6678-DB0D-44F8-9483-C6F2554C89BF}.Debug|Any CPU.Build.0 = Debug|Any CPU
		{BFFD6678-DB0D-44F8-9483-C6F2554C89BF}.Release|Any CPU.ActiveCfg = Release|Any CPU
		{BFFD6678-DB0D-44F8-9483-C6F2554C89BF}.Release|Any CPU.Build.0 = Release|Any CPU
	EndGlobalSection
	GlobalSection(SolutionProperties) = preSolution
		HideSolutionNode = FALSE
	EndGlobalSection
	GlobalSection(ExtensibilityGlobals) = postSolution
		SolutionGuid = {83DEAE61-6FA0-4F45-BCD2-24848580EFBF}
	EndGlobalSection
EndGlobal
